
Microsoft Visual Studio Solution File, Format Version 12.00
# Visual Studio Version 17
VisualStudioVersion = 17.3.32819.101
MinimumVisualStudioVersion = 10.0.40219.1
Project("{FAE04EC0-301F-11D3-BF4B-00C04F79EFBC}") = "Punto2Quiz", "Punto2Quiz\Punto2Quiz.csproj", "{0905EC90-4374-499B-AA80-4C945F6B3D4E}"
EndProject
Global
	GlobalSection(SolutionConfigurationPlatforms) = preSolution
		Debug|Any CPU = Debug|Any CPU
		Release|Any CPU = Release|Any CPU
	EndGlobalSection
	GlobalSection(ProjectConfigurationPlatforms) = postSolution
		{0905EC90-4374-499B-AA80-4C945F6B3D4E}.Debug|Any CPU.ActiveCfg = Debug|Any CPU
		{0905EC90-4374-499B-AA80-4C945F6B3D4E}.Debug|Any CPU.Build.0 = Debug|Any CPU
		{0905EC90-4374-499B-AA80-4C945F6B3D4E}.Release|Any CPU.ActiveCfg = Release|Any CPU
		{0905EC90-4374-499B-AA80-4C945F6B3D4E}.Release|Any CPU.Build.0 = Release|Any CPU
	EndGlobalSection
	GlobalSection(SolutionProperties) = preSolution
		HideSolutionNode = FALSE
	EndGlobalSection
	GlobalSection(ExtensibilityGlobals) = postSolution
		SolutionGuid = {87D9C484-EFCD-4CAA-AA73-C6F1E06AFA67}
	EndGlobalSection
EndGlobal
